
Microsoft Visual Studio Solution File, Format Version 12.00
# Visual Studio Version 16
VisualStudioVersion = 25.0.1706.5
MinimumVisualStudioVersion = 10.0.40219.1
Project("{FAE04EC0-301F-11D3-BF4B-00C04F79EFBC}") = "GuessWho", "GuessWho\GuessWho.csproj", "{52A462A3-3266-486C-94D7-3056131284B6}"
EndProject
Global
	GlobalSection(SolutionConfigurationPlatforms) = preSolution
		Debug|Any CPU = Debug|Any CPU
		Release|Any CPU = Release|Any CPU
	EndGlobalSection
	GlobalSection(ProjectConfigurationPlatforms) = postSolution
		{52A462A3-3266-486C-94D7-3056131284B6}.Debug|Any CPU.ActiveCfg = Debug|Any CPU
		{52A462A3-3266-486C-94D7-3056131284B6}.Debug|Any CPU.Build.0 = Debug|Any CPU
		{52A462A3-3266-486C-94D7-3056131284B6}.Release|Any CPU.ActiveCfg = Release|Any CPU
		{52A462A3-3266-486C-94D7-3056131284B6}.Release|Any CPU.Build.0 = Release|Any CPU
	EndGlobalSection
	GlobalSection(SolutionProperties) = preSolution
		HideSolutionNode = FALSE
	EndGlobalSection
	GlobalSection(ExtensibilityGlobals) = postSolution
		SolutionGuid = {E1BDDF8F-5065-440B-9EFC-0591FBBA9D07}
	EndGlobalSection
EndGlobal
